
Microsoft Visual Studio Solution File, Format Version 12.00
# Visual Studio Version 17
VisualStudioVersion = 17.3.32922.545
MinimumVisualStudioVersion = 10.0.40219.1
Project("{FAE04EC0-301F-11D3-BF4B-00C04F79EFBC}") = "OLYMPUS-IR", "OLYMPUS-IR\OLYMPUS-IR.csproj", "{C3CA2655-EF80-4F6F-9DE2-087A8B704B67}"
EndProject
Project("{00D1A9C2-B5F0-4AF3-8072-F6C62B433612}") = "IRDBA", "IRDBA\IRDBA.sqlproj", "{07EC1065-07F9-498D-AA66-799319911D02}"
EndProject
Global
	GlobalSection(SolutionConfigurationPlatforms) = preSolution
		Debug|Any CPU = Debug|Any CPU
		Release|Any CPU = Release|Any CPU
	EndGlobalSection
	GlobalSection(ProjectConfigurationPlatforms) = postSolution
		{C3CA2655-EF80-4F6F-9DE2-087A8B704B67}.Debug|Any CPU.ActiveCfg = Debug|Any CPU
		{C3CA2655-EF80-4F6F-9DE2-087A8B704B67}.Debug|Any CPU.Build.0 = Debug|Any CPU
		{C3CA2655-EF80-4F6F-9DE2-087A8B704B67}.Release|Any CPU.ActiveCfg = Release|Any CPU
		{C3CA2655-EF80-4F6F-9DE2-087A8B704B67}.Release|Any CPU.Build.0 = Release|Any CPU
		{07EC1065-07F9-498D-AA66-799319911D02}.Debug|Any CPU.ActiveCfg = Debug|Any CPU
		{07EC1065-07F9-498D-AA66-799319911D02}.Debug|Any CPU.Build.0 = Debug|Any CPU
		{07EC1065-07F9-498D-AA66-799319911D02}.Debug|Any CPU.Deploy.0 = Debug|Any CPU
		{07EC1065-07F9-498D-AA66-799319911D02}.Release|Any CPU.ActiveCfg = Release|Any CPU
		{07EC1065-07F9-498D-AA66-799319911D02}.Release|Any CPU.Build.0 = Release|Any CPU
		{07EC1065-07F9-498D-AA66-799319911D02}.Release|Any CPU.Deploy.0 = Release|Any CPU
	EndGlobalSection
	GlobalSection(SolutionProperties) = preSolution
		HideSolutionNode = FALSE
	EndGlobalSection
	GlobalSection(ExtensibilityGlobals) = postSolution
		SolutionGuid = {65E350AE-FC71-4D37-AD89-A26D5E3FBC22}
	EndGlobalSection
EndGlobal
